
Microsoft Visual Studio Solution File, Format Version 12.00
# Visual Studio Version 17
VisualStudioVersion = 17.14.36414.22
MinimumVisualStudioVersion = 10.0.40219.1
Project("{FAE04EC0-301F-11D3-BF4B-00C04F79EFBC}") = "BookMatrix.API", "BackendService\BookMatrix.API\BookMatrix.API.csproj", "{82900F71-E93F-4E08-85CA-82C8827C1C21}"
EndProject
Project("{2150E333-8FDC-42A3-9474-1A3956D46DE8}") = "BackendService", "BackendService", "{02EA681E-C7D8-13C7-8484-4AC65E1B71E8}"
EndProject
Project("{2150E333-8FDC-42A3-9474-1A3956D46DE8}") = "Documents", "Documents", "{86660F85-66E7-4D77-A3C5-0AAE32F84BE7}"
	ProjectSection(SolutionItems) = preProject
		Documents\dbDataseed.sql = Documents\dbDataseed.sql
		Documents\dbschema.sql = Documents\dbschema.sql
		Documents\gitcmds.txt = Documents\gitcmds.txt
	EndProjectSection
EndProject
Project("{2150E333-8FDC-42A3-9474-1A3956D46DE8}") = "FrontendService", "FrontendService", "{85A711DC-1488-4C1A-A1B1-475D886934A8}"
EndProject
Project("{2150E333-8FDC-42A3-9474-1A3956D46DE8}") = "Modules", "Modules", "{6DF3C58A-0A0B-4501-9140-2FCA721DB43E}"
EndProject
Project("{2150E333-8FDC-42A3-9474-1A3956D46DE8}") = "Catalog", "Catalog", "{35D218A8-303C-45AA-8E99-59415F9E07F8}"
EndProject
Project("{2150E333-8FDC-42A3-9474-1A3956D46DE8}") = "Members", "Members", "{2F15E7EE-A36A-4025-B319-AA739A32EAF9}"
EndProject
Project("{2150E333-8FDC-42A3-9474-1A3956D46DE8}") = "Circulation", "Circulation", "{5996106B-2792-4FE4-A278-24DA61442AF1}"
EndProject
Project("{2150E333-8FDC-42A3-9474-1A3956D46DE8}") = "Inventory", "Inventory", "{34901D38-D3F8-425B-A167-BCA1837D4D40}"
EndProject
Project("{2150E333-8FDC-42A3-9474-1A3956D46DE8}") = "Administration", "Administration", "{1E83C857-C61B-438A-9CC6-BF7FFA1EF3D3}"
EndProject
Project("{FAE04EC0-301F-11D3-BF4B-00C04F79EFBC}") = "Administration.Domain", "BackendService\Modules\Administration\Administration.Domain\Administration.Domain.csproj", "{59493D94-72E1-4DD0-896A-C34A8BD0BA87}"
EndProject
Project("{FAE04EC0-301F-11D3-BF4B-00C04F79EFBC}") = "Administration.Application", "BackendService\Modules\Administration\Administration.Application\Administration.Application.csproj", "{442BD1CF-0BAA-41C9-9821-35315B6A28DB}"
EndProject
Project("{FAE04EC0-301F-11D3-BF4B-00C04F79EFBC}") = "Administration.Infrastructure", "BackendService\Modules\Administration\Administration.Infrastructure\Administration.Infrastructure.csproj", "{C977D319-A518-4318-AF49-B1E815514E9D}"
EndProject
Project("{FAE04EC0-301F-11D3-BF4B-00C04F79EFBC}") = "Catalog.Domain", "BackendService\Modules\Catalog\Catalog.Domain\Catalog.Domain.csproj", "{A7D5E129-C049-48C2-A0ED-A04BA95E3C46}"
EndProject
Project("{FAE04EC0-301F-11D3-BF4B-00C04F79EFBC}") = "Catalog.Application", "BackendService\Modules\Catalog\Catalog.Application\Catalog.Application.csproj", "{30E8D86B-755B-4ACB-81FB-3499EA5044C8}"
EndProject
Project("{FAE04EC0-301F-11D3-BF4B-00C04F79EFBC}") = "Catalog.Infrastructure", "BackendService\Modules\Catalog\Catalog.Infrastructure\Catalog.Infrastructure.csproj", "{745B9F86-C74A-4D75-968D-B3891104247C}"
EndProject
Project("{FAE04EC0-301F-11D3-BF4B-00C04F79EFBC}") = "Circulation.Domain", "BackendService\Modules\Circulation\Circulation.Domain\Circulation.Domain.csproj", "{A098CF86-EE21-46F8-8AB3-584EA378C80D}"
EndProject
Project("{FAE04EC0-301F-11D3-BF4B-00C04F79EFBC}") = "Circulation.Application", "BackendService\Modules\Circulation\Circulation.Application\Circulation.Application.csproj", "{9D78B3C1-9128-4420-8038-9D366B6ADF27}"
EndProject
Project("{FAE04EC0-301F-11D3-BF4B-00C04F79EFBC}") = "Circulation.Infrastructure", "BackendService\Modules\Circulation\Circulation.Infrastructure\Circulation.Infrastructure.csproj", "{9A0882AC-4CAA-4167-81A1-8EB57D94781B}"
EndProject
Project("{FAE04EC0-301F-11D3-BF4B-00C04F79EFBC}") = "Inventory.Domain", "BackendService\Modules\Inventory\Inventory.Domain\Inventory.Domain.csproj", "{A9A787A0-8CB4-4488-9FC4-ABA2D23A7A7E}"
EndProject
Project("{FAE04EC0-301F-11D3-BF4B-00C04F79EFBC}") = "Inventory.Application", "BackendService\Modules\Inventory\Inventory.Application\Inventory.Application.csproj", "{724F930D-B006-482D-A1AC-1FA31EDCD08D}"
EndProject
Project("{FAE04EC0-301F-11D3-BF4B-00C04F79EFBC}") = "Inventory.Infrastructure", "BackendService\Modules\Inventory\Inventory.Infrastructure\Inventory.Infrastructure.csproj", "{D9ECDE3A-A6EC-4E18-B07D-59A00AD847FC}"
EndProject
Project("{FAE04EC0-301F-11D3-BF4B-00C04F79EFBC}") = "Members.Domain", "BackendService\Modules\Members\Members.Domain\Members.Domain.csproj", "{79BD943C-BD4F-46C4-A2B8-D8020A182425}"
EndProject
Project("{FAE04EC0-301F-11D3-BF4B-00C04F79EFBC}") = "Members.Application", "BackendService\Modules\Members\Members.Application\Members.Application.csproj", "{5FD3387F-E2E0-4F87-AB7C-0603517943D5}"
EndProject
Project("{FAE04EC0-301F-11D3-BF4B-00C04F79EFBC}") = "Members.Infrastructure", "BackendService\Modules\Members\Members.Infrastructure\Members.Infrastructure.csproj", "{1B90F8AC-C639-4978-89EA-1CAADA78A3AB}"
EndProject
Project("{FAE04EC0-301F-11D3-BF4B-00C04F79EFBC}") = "WebClient", "FrontendService\WebClient\WebClient.csproj", "{72976ABE-2055-43A3-A140-63C95BC3FFD6}"
EndProject
Project("{54A90642-561A-4BB1-A94E-469ADEE60C69}") = "Client.Angular", "FrontendService\Client.Angular\Client.Angular.esproj", "{99BFD2A1-E019-3C75-CEFA-BD378FDB628D}"
EndProject
Project("{54A90642-561A-4BB1-A94E-469ADEE60C69}") = "client.react", "FrontendService\Client.React\client.react.esproj", "{6D25EEF9-4716-6571-90AE-7282108A0AA6}"
EndProject
Global
	GlobalSection(SolutionConfigurationPlatforms) = preSolution
		Debug|Any CPU = Debug|Any CPU
		Release|Any CPU = Release|Any CPU
	EndGlobalSection
	GlobalSection(ProjectConfigurationPlatforms) = postSolution
		{82900F71-E93F-4E08-85CA-82C8827C1C21}.Debug|Any CPU.ActiveCfg = Debug|Any CPU
		{82900F71-E93F-4E08-85CA-82C8827C1C21}.Debug|Any CPU.Build.0 = Debug|Any CPU
		{82900F71-E93F-4E08-85CA-82C8827C1C21}.Release|Any CPU.ActiveCfg = Release|Any CPU
		{82900F71-E93F-4E08-85CA-82C8827C1C21}.Release|Any CPU.Build.0 = Release|Any CPU
		{59493D94-72E1-4DD0-896A-C34A8BD0BA87}.Debug|Any CPU.ActiveCfg = Debug|Any CPU
		{59493D94-72E1-4DD0-896A-C34A8BD0BA87}.Debug|Any CPU.Build.0 = Debug|Any CPU
		{59493D94-72E1-4DD0-896A-C34A8BD0BA87}.Release|Any CPU.ActiveCfg = Release|Any CPU
		{59493D94-72E1-4DD0-896A-C34A8BD0BA87}.Release|Any CPU.Build.0 = Release|Any CPU
		{442BD1CF-0BAA-41C9-9821-35315B6A28DB}.Debug|Any CPU.ActiveCfg = Debug|Any CPU
		{442BD1CF-0BAA-41C9-9821-35315B6A28DB}.Debug|Any CPU.Build.0 = Debug|Any CPU
		{442BD1CF-0BAA-41C9-9821-35315B6A28DB}.Release|Any CPU.ActiveCfg = Release|Any CPU
		{442BD1CF-0BAA-41C9-9821-35315B6A28DB}.Release|Any CPU.Build.0 = Release|Any CPU
		{C977D319-A518-4318-AF49-B1E815514E9D}.Debug|Any CPU.ActiveCfg = Debug|Any CPU
		{C977D319-A518-4318-AF49-B1E815514E9D}.Debug|Any CPU.Build.0 = Debug|Any CPU
		{C977D319-A518-4318-AF49-B1E815514E9D}.Release|Any CPU.ActiveCfg = Release|Any CPU
		{C977D319-A518-4318-AF49-B1E815514E9D}.Release|Any CPU.Build.0 = Release|Any CPU
		{A7D5E129-C049-48C2-A0ED-A04BA95E3C46}.Debug|Any CPU.ActiveCfg = Debug|Any CPU
		{A7D5E129-C049-48C2-A0ED-A04BA95E3C46}.Debug|Any CPU.Build.0 = Debug|Any CPU
		{A7D5E129-C049-48C2-A0ED-A04BA95E3C46}.Release|Any CPU.ActiveCfg = Release|Any CPU
		{A7D5E129-C049-48C2-A0ED-A04BA95E3C46}.Release|Any CPU.Build.0 = Release|Any CPU
		{30E8D86B-755B-4ACB-81FB-3499EA5044C8}.Debug|Any CPU.ActiveCfg = Debug|Any CPU
		{30E8D86B-755B-4ACB-81FB-3499EA5044C8}.Debug|Any CPU.Build.0 = Debug|Any CPU
		{30E8D86B-755B-4ACB-81FB-3499EA5044C8}.Release|Any CPU.ActiveCfg = Release|Any CPU
		{30E8D86B-755B-4ACB-81FB-3499EA5044C8}.Release|Any CPU.Build.0 = Release|Any CPU
		{745B9F86-C74A-4D75-968D-B3891104247C}.Debug|Any CPU.ActiveCfg = Debug|Any CPU
		{745B9F86-C74A-4D75-968D-B3891104247C}.Debug|Any CPU.Build.0 = Debug|Any CPU
		{745B9F86-C74A-4D75-968D-B3891104247C}.Release|Any CPU.ActiveCfg = Release|Any CPU
		{745B9F86-C74A-4D75-968D-B3891104247C}.Release|Any CPU.Build.0 = Release|Any CPU
		{A098CF86-EE21-46F8-8AB3-584EA378C80D}.Debug|Any CPU.ActiveCfg = Debug|Any CPU
		{A098CF86-EE21-46F8-8AB3-584EA378C80D}.Debug|Any CPU.Build.0 = Debug|Any CPU
		{A098CF86-EE21-46F8-8AB3-584EA378C80D}.Release|Any CPU.ActiveCfg = Release|Any CPU
		{A098CF86-EE21-46F8-8AB3-584EA378C80D}.Release|Any CPU.Build.0 = Release|Any CPU
		{9D78B3C1-9128-4420-8038-9D366B6ADF27}.Debug|Any CPU.ActiveCfg = Debug|Any CPU
		{9D78B3C1-9128-4420-8038-9D366B6ADF27}.Debug|Any CPU.Build.0 = Debug|Any CPU
		{9D78B3C1-9128-4420-8038-9D366B6ADF27}.Release|Any CPU.ActiveCfg = Release|Any CPU
		{9D78B3C1-9128-4420-8038-9D366B6ADF27}.Release|Any CPU.Build.0 = Release|Any CPU
		{9A0882AC-4CAA-4167-81A1-8EB57D94781B}.Debug|Any CPU.ActiveCfg = Debug|Any CPU
		{9A0882AC-4CAA-4167-81A1-8EB57D94781B}.Debug|Any CPU.Build.0 = Debug|Any CPU
		{9A0882AC-4CAA-4167-81A1-8EB57D94781B}.Release|Any CPU.ActiveCfg = Release|Any CPU
		{9A0882AC-4CAA-4167-81A1-8EB57D94781B}.Release|Any CPU.Build.0 = Release|Any CPU
		{A9A787A0-8CB4-4488-9FC4-ABA2D23A7A7E}.Debug|Any CPU.ActiveCfg = Debug|Any CPU
		{A9A787A0-8CB4-4488-9FC4-ABA2D23A7A7E}.Debug|Any CPU.Build.0 = Debug|Any CPU
		{A9A787A0-8CB4-4488-9FC4-ABA2D23A7A7E}.Release|Any CPU.ActiveCfg = Release|Any CPU
		{A9A787A0-8CB4-4488-9FC4-ABA2D23A7A7E}.Release|Any CPU.Build.0 = Release|Any CPU
		{724F930D-B006-482D-A1AC-1FA31EDCD08D}.Debug|Any CPU.ActiveCfg = Debug|Any CPU
		{724F930D-B006-482D-A1AC-1FA31EDCD08D}.Debug|Any CPU.Build.0 = Debug|Any CPU
		{724F930D-B006-482D-A1AC-1FA31EDCD08D}.Release|Any CPU.ActiveCfg = Release|Any CPU
		{724F930D-B006-482D-A1AC-1FA31EDCD08D}.Release|Any CPU.Build.0 = Release|Any CPU
		{D9ECDE3A-A6EC-4E18-B07D-59A00AD847FC}.Debug|Any CPU.ActiveCfg = Debug|Any CPU
		{D9ECDE3A-A6EC-4E18-B07D-59A00AD847FC}.Debug|Any CPU.Build.0 = Debug|Any CPU
		{D9ECDE3A-A6EC-4E18-B07D-59A00AD847FC}.Release|Any CPU.ActiveCfg = Release|Any CPU
		{D9ECDE3A-A6EC-4E18-B07D-59A00AD847FC}.Release|Any CPU.Build.0 = Release|Any CPU
		{79BD943C-BD4F-46C4-A2B8-D8020A182425}.Debug|Any CPU.ActiveCfg = Debug|Any CPU
		{79BD943C-BD4F-46C4-A2B8-D8020A182425}.Debug|Any CPU.Build.0 = Debug|Any CPU
		{79BD943C-BD4F-46C4-A2B8-D8020A182425}.Release|Any CPU.ActiveCfg = Release|Any CPU
		{79BD943C-BD4F-46C4-A2B8-D8020A182425}.Release|Any CPU.Build.0 = Release|Any CPU
		{5FD3387F-E2E0-4F87-AB7C-0603517943D5}.Debug|Any CPU.ActiveCfg = Debug|Any CPU
		{5FD3387F-E2E0-4F87-AB7C-0603517943D5}.Debug|Any CPU.Build.0 = Debug|Any CPU
		{5FD3387F-E2E0-4F87-AB7C-0603517943D5}.Release|Any CPU.ActiveCfg = Release|Any CPU
		{5FD3387F-E2E0-4F87-AB7C-0603517943D5}.Release|Any CPU.Build.0 = Release|Any CPU
		{1B90F8AC-C639-4978-89EA-1CAADA78A3AB}.Debug|Any CPU.ActiveCfg = Debug|Any CPU
		{1B90F8AC-C639-4978-89EA-1CAADA78A3AB}.Debug|Any CPU.Build.0 = Debug|Any CPU
		{1B90F8AC-C639-4978-89EA-1CAADA78A3AB}.Release|Any CPU.ActiveCfg = Release|Any CPU
		{1B90F8AC-C639-4978-89EA-1CAADA78A3AB}.Release|Any CPU.Build.0 = Release|Any CPU
		{72976ABE-2055-43A3-A140-63C95BC3FFD6}.Debug|Any CPU.ActiveCfg = Debug|Any CPU
		{72976ABE-2055-43A3-A140-63C95BC3FFD6}.Debug|Any CPU.Build.0 = Debug|Any CPU
		{72976ABE-2055-43A3-A140-63C95BC3FFD6}.Release|Any CPU.ActiveCfg = Release|Any CPU
		{72976ABE-2055-43A3-A140-63C95BC3FFD6}.Release|Any CPU.Build.0 = Release|Any CPU
		{99BFD2A1-E019-3C75-CEFA-BD378FDB628D}.Debug|Any CPU.ActiveCfg = Debug|Any CPU
		{99BFD2A1-E019-3C75-CEFA-BD378FDB628D}.Debug|Any CPU.Build.0 = Debug|Any CPU
		{99BFD2A1-E019-3C75-CEFA-BD378FDB628D}.Debug|Any CPU.Deploy.0 = Debug|Any CPU
		{99BFD2A1-E019-3C75-CEFA-BD378FDB628D}.Release|Any CPU.ActiveCfg = Release|Any CPU
		{99BFD2A1-E019-3C75-CEFA-BD378FDB628D}.Release|Any CPU.Build.0 = Release|Any CPU
		{99BFD2A1-E019-3C75-CEFA-BD378FDB628D}.Release|Any CPU.Deploy.0 = Release|Any CPU
		{6D25EEF9-4716-6571-90AE-7282108A0AA6}.Debug|Any CPU.ActiveCfg = Debug|Any CPU
		{6D25EEF9-4716-6571-90AE-7282108A0AA6}.Debug|Any CPU.Build.0 = Debug|Any CPU
		{6D25EEF9-4716-6571-90AE-7282108A0AA6}.Debug|Any CPU.Deploy.0 = Debug|Any CPU
		{6D25EEF9-4716-6571-90AE-7282108A0AA6}.Release|Any CPU.ActiveCfg = Release|Any CPU
		{6D25EEF9-4716-6571-90AE-7282108A0AA6}.Release|Any CPU.Build.0 = Release|Any CPU
		{6D25EEF9-4716-6571-90AE-7282108A0AA6}.Release|Any CPU.Deploy.0 = Release|Any CPU
	EndGlobalSection
	GlobalSection(SolutionProperties) = preSolution
		HideSolutionNode = FALSE
	EndGlobalSection
	GlobalSection(NestedProjects) = preSolution
		{82900F71-E93F-4E08-85CA-82C8827C1C21} = {02EA681E-C7D8-13C7-8484-4AC65E1B71E8}
		{6DF3C58A-0A0B-4501-9140-2FCA721DB43E} = {02EA681E-C7D8-13C7-8484-4AC65E1B71E8}
		{35D218A8-303C-45AA-8E99-59415F9E07F8} = {6DF3C58A-0A0B-4501-9140-2FCA721DB43E}
		{2F15E7EE-A36A-4025-B319-AA739A32EAF9} = {6DF3C58A-0A0B-4501-9140-2FCA721DB43E}
		{5996106B-2792-4FE4-A278-24DA61442AF1} = {6DF3C58A-0A0B-4501-9140-2FCA721DB43E}
		{34901D38-D3F8-425B-A167-BCA1837D4D40} = {6DF3C58A-0A0B-4501-9140-2FCA721DB43E}
		{1E83C857-C61B-438A-9CC6-BF7FFA1EF3D3} = {6DF3C58A-0A0B-4501-9140-2FCA721DB43E}
		{59493D94-72E1-4DD0-896A-C34A8BD0BA87} = {1E83C857-C61B-438A-9CC6-BF7FFA1EF3D3}
		{442BD1CF-0BAA-41C9-9821-35315B6A28DB} = {1E83C857-C61B-438A-9CC6-BF7FFA1EF3D3}
		{C977D319-A518-4318-AF49-B1E815514E9D} = {1E83C857-C61B-438A-9CC6-BF7FFA1EF3D3}
		{A7D5E129-C049-48C2-A0ED-A04BA95E3C46} = {35D218A8-303C-45AA-8E99-59415F9E07F8}
		{30E8D86B-755B-4ACB-81FB-3499EA5044C8} = {35D218A8-303C-45AA-8E99-59415F9E07F8}
		{745B9F86-C74A-4D75-968D-B3891104247C} = {35D218A8-303C-45AA-8E99-59415F9E07F8}
		{A098CF86-EE21-46F8-8AB3-584EA378C80D} = {5996106B-2792-4FE4-A278-24DA61442AF1}
		{9D78B3C1-9128-4420-8038-9D366B6ADF27} = {5996106B-2792-4FE4-A278-24DA61442AF1}
		{9A0882AC-4CAA-4167-81A1-8EB57D94781B} = {5996106B-2792-4FE4-A278-24DA61442AF1}
		{A9A787A0-8CB4-4488-9FC4-ABA2D23A7A7E} = {34901D38-D3F8-425B-A167-BCA1837D4D40}
		{724F930D-B006-482D-A1AC-1FA31EDCD08D} = {34901D38-D3F8-425B-A167-BCA1837D4D40}
		{D9ECDE3A-A6EC-4E18-B07D-59A00AD847FC} = {34901D38-D3F8-425B-A167-BCA1837D4D40}
		{79BD943C-BD4F-46C4-A2B8-D8020A182425} = {2F15E7EE-A36A-4025-B319-AA739A32EAF9}
		{5FD3387F-E2E0-4F87-AB7C-0603517943D5} = {2F15E7EE-A36A-4025-B319-AA739A32EAF9}
		{1B90F8AC-C639-4978-89EA-1CAADA78A3AB} = {2F15E7EE-A36A-4025-B319-AA739A32EAF9}
		{72976ABE-2055-43A3-A140-63C95BC3FFD6} = {85A711DC-1488-4C1A-A1B1-475D886934A8}
		{99BFD2A1-E019-3C75-CEFA-BD378FDB628D} = {85A711DC-1488-4C1A-A1B1-475D886934A8}
		{6D25EEF9-4716-6571-90AE-7282108A0AA6} = {85A711DC-1488-4C1A-A1B1-475D886934A8}
	EndGlobalSection
	GlobalSection(ExtensibilityGlobals) = postSolution
		SolutionGuid = {9CEFA538-2A30-49A0-B351-3170FC6AB530}
	EndGlobalSection
EndGlobal
